lockfileVersion: "9.0"

settings:
  autoInstallPeers: true
  excludeLinksFromLockfile: false

importers:
  .:
    dependencies:
      "@vue/reactivity":
        specifier: ^3.5.21
        version: 3.5.21
      lodash-es:
        specifier: ^4.17.21
        version: 4.17.21
    devDependencies:
      "@types/lodash-es":
        specifier: ^4.17.12
        version: 4.17.12
      ts-toolbelt:
        specifier: ^9.6.0
        version: 9.6.0
      typescript:
        specifier: ^5.9.2
        version: 5.9.2

packages:
  "@types/lodash-es@4.17.12":
    resolution:
      {
        integrity: sha512-0NgftHUcV4v34VhXm8QBSftKVXtbkBG3ViCjs6+eJ5a6y6Mi/jiFGPc1sC7QK+9BFhWrURE3EOggmWaSxL9OzQ==
      }

  "@types/lodash@4.17.20":
    resolution:
      {
        integrity: sha512-H3MHACvFUEiujabxhaI/ImO6gUrd8oOurg7LQtS7mbwIXA/cUqWrvBsaeJ23aZEPk1TAYkurjfMbSELfoCXlGA==
      }

  "@vue/reactivity@3.5.21":
    resolution:
      {
        integrity: sha512-3ah7sa+Cwr9iiYEERt9JfZKPw4A2UlbY8RbbnH2mGCE8NwHkhmlZt2VsH0oDA3P08X3jJd29ohBDtX+TbD9AsA==
      }

  "@vue/shared@3.5.21":
    resolution:
      {
        integrity: sha512-+2k1EQpnYuVuu3N7atWyG3/xoFWIVJZq4Mz8XNOdScFI0etES75fbny/oU4lKWk/577P1zmg0ioYvpGEDZ3DLw==
      }

  lodash-es@4.17.21:
    resolution:
      {
        integrity: sha512-mKnC+QJ9pWVzv+C4/U3rRsHapFfHvQFoFB92e52xeyGMcX6/OlIl78je1u8vePzYZSkkogMPJ2yjxxsb89cxyw==
      }

  ts-toolbelt@9.6.0:
    resolution:
      {
        integrity: sha512-nsZd8ZeNUzukXPlJmTBwUAuABDe/9qtVDelJeT/qW0ow3ZS3BsQJtNkan1802aM9Uf68/Y8ljw86Hu0h5IUW3w==
      }

  typescript@5.9.2:
    resolution:
      {
        integrity: sha512-CWBzXQrc/qOkhidw1OzBTQuYRbfyxDXJMVJ1XNwUHGROVmuaeiEm3OslpZ1RV96d7SKKjZKrSJu3+t/xlw3R9A==
      }
    engines: { node: ">=14.17" }
    hasBin: true

snapshots:
  "@types/lodash-es@4.17.12":
    dependencies:
      "@types/lodash": 4.17.20

  "@types/lodash@4.17.20": {}

  "@vue/reactivity@3.5.21":
    dependencies:
      "@vue/shared": 3.5.21

  "@vue/shared@3.5.21": {}

  lodash-es@4.17.21: {}

  ts-toolbelt@9.6.0: {}

  typescript@5.9.2: {}
